dependencies:
  esp-zigbee-lib:
    dependencies: []
    source:
      path: /home/ldrrp/Workspaces/ac-infinity-esp32/Airtap-Tx/Gen-2/zigbee-4btn-rev2/components/esp-zigbee-sdk/components/esp-zigbee-lib
      type: local
    version: 1.6.6
  espressif/cmake_utilities:
    component_hash: 351350613ceafba240b761b4ea991e0f231ac7a9f59a9ee901f751bddc0bb18f
    dependencies:
    - name: idf
      registry_url: https://components.espressif.com
      require: private
      version: '>=4.1'
    source:
      registry_url: https://components.espressif.com/
      type: service
    version: 0.5.3
  espressif/esp-zboss-lib:
    component_hash: 321883d142421f65009972408287441794250057668a11abbdfd8bec77c3309a
    dependencies:
    - name: idf
      require: private
      version: '>=5.0'
    source:
      registry_url: https://components.espressif.com/
      type: service
    version: 1.6.4
  idf:
    source:
      type: idf
    version: 5.4.2
direct_dependencies:
- espressif/cmake_utilities
- espressif/esp-zboss-lib
- espressif/esp-zigbee-lib
- idf
manifest_hash: 3564b3fb4c194bce560541a03092ef8b12e987e58078bbf15c42908a6ba136e4
target: esp32c6
version: 2.0.0
